
Microsoft Visual Studio Solution File, Format Version 12.00
# Visual Studio Version 17
VisualStudioVersion = 17.4.33110.190
MinimumVisualStudioVersion = 10.0.40219.1
Project("{9A19103F-16F7-4668-BE54-9A1E7A4F7556}") = "SimControls", "SimControls\SimControls.csproj", "{48E5151B-1D5C-4ABA-9672-CDEDB225496E}"
EndProject
Project("{9A19103F-16F7-4668-BE54-9A1E7A4F7556}") = "SimControls.SimulatorConnection", "SimControls.SimulatorConnection\SimControls.SimulatorConnection.csproj", "{A6E92156-A226-4372-8DD9-E0DF749DD8C7}"
EndProject
Project("{9A19103F-16F7-4668-BE54-9A1E7A4F7556}") = "SimControls.Model", "SimControls.Model\SimControls.Model.csproj", "{B2A2615B-E23C-48B2-8B1C-2977C789520D}"
EndProject
Project("{9A19103F-16F7-4668-BE54-9A1E7A4F7556}") = "SimControls.YokeConnector", "SimControls.YokeConnector\SimControls.YokeConnector.csproj", "{AF67C67E-E7F9-436C-B114-B65E7D8BBDCF}"
EndProject
Project("{9A19103F-16F7-4668-BE54-9A1E7A4F7556}") = "SimControls.Test", "SimControls.Test\SimControls.Test.csproj", "{9795CF21-F1CC-415A-8F84-DC92F7BEDE7B}"
EndProject
Project("{9A19103F-16F7-4668-BE54-9A1E7A4F7556}") = "FacadeGenerator", "FacadeGenerator\FacadeGenerator.csproj", "{45825D59-7471-4D3B-AFF2-B08A46CC311E}"
EndProject
Project("{9A19103F-16F7-4668-BE54-9A1E7A4F7556}") = "SimControls.AirportDatabase", "SimControls.AirportDatabase\SimControls.AirportDatabase.csproj", "{61C54781-3857-45EF-B860-EA035009EC0D}"
EndProject
Project("{9A19103F-16F7-4668-BE54-9A1E7A4F7556}") = "SimControls.WASM", "SimControls.WASM\SimControls.WASM.csproj", "{3034C0BD-793D-402A-BC4D-E40F9B215091}"
EndProject
Project("{9A19103F-16F7-4668-BE54-9A1E7A4F7556}") = "SimControls.NetworkServer", "SimControls.NetworkServer\SimControls.NetworkServer.csproj", "{A60B8AD2-1870-413F-96FC-112F5A7BE3A3}"
EndProject
Project("{9A19103F-16F7-4668-BE54-9A1E7A4F7556}") = "SimControls.NetworkCommon", "SimControls.NetworkCommon\SimControls.NetworkCommon.csproj", "{D8EDF4E8-0854-4076-BC74-5450B32FFFAD}"
EndProject
Project("{2150E333-8FDC-42A3-9474-1A3956D46DE8}") = "SimulatorConnection", "SimulatorConnection", "{13E4FCF8-B4C8-4019-ABE1-988C2A624C33}"
EndProject
Project("{2150E333-8FDC-42A3-9474-1A3956D46DE8}") = "Network", "Network", "{F6004765-C995-47D7-8C6F-9C2E29BDEB08}"
EndProject
Project("{9A19103F-16F7-4668-BE54-9A1E7A4F7556}") = "SimControls.SpbParser", "SimControls.SpbParser\SimControls.SpbParser.csproj", "{9D2EE808-0EE0-4B82-B072-CEDD5E526BCF}"
EndProject
Project("{2150E333-8FDC-42A3-9474-1A3956D46DE8}") = "Solution Items", "Solution Items", "{2BD97280-2F89-45DF-ADD7-67A9AE292013}"
	ProjectSection(SolutionItems) = preProject
		Directory.Build.Props = Directory.Build.Props
	EndProjectSection
EndProject
Project("{9A19103F-16F7-4668-BE54-9A1E7A4F7556}") = "SimControls.SbpViewer", "SimControls.SpbViewer\SimControls.SbpViewer.csproj", "{5A04A6C6-4E37-47FC-BD11-805E9D7F8E6B}"
EndProject
Global
	GlobalSection(SolutionConfigurationPlatforms) = preSolution
		Debug|Any CPU = Debug|Any CPU
		Release|Any CPU = Release|Any CPU
	EndGlobalSection
	GlobalSection(ProjectConfigurationPlatforms) = postSolution
		{48E5151B-1D5C-4ABA-9672-CDEDB225496E}.Debug|Any CPU.ActiveCfg = Debug|Any CPU
		{48E5151B-1D5C-4ABA-9672-CDEDB225496E}.Debug|Any CPU.Build.0 = Debug|Any CPU
		{48E5151B-1D5C-4ABA-9672-CDEDB225496E}.Release|Any CPU.ActiveCfg = Release|Any CPU
		{48E5151B-1D5C-4ABA-9672-CDEDB225496E}.Release|Any CPU.Build.0 = Release|Any CPU
		{A6E92156-A226-4372-8DD9-E0DF749DD8C7}.Debug|Any CPU.ActiveCfg = Debug|Any CPU
		{A6E92156-A226-4372-8DD9-E0DF749DD8C7}.Debug|Any CPU.Build.0 = Debug|Any CPU
		{A6E92156-A226-4372-8DD9-E0DF749DD8C7}.Release|Any CPU.ActiveCfg = Release|Any CPU
		{A6E92156-A226-4372-8DD9-E0DF749DD8C7}.Release|Any CPU.Build.0 = Release|Any CPU
		{B2A2615B-E23C-48B2-8B1C-2977C789520D}.Debug|Any CPU.ActiveCfg = Debug|Any CPU
		{B2A2615B-E23C-48B2-8B1C-2977C789520D}.Debug|Any CPU.Build.0 = Debug|Any CPU
		{B2A2615B-E23C-48B2-8B1C-2977C789520D}.Release|Any CPU.ActiveCfg = Release|Any CPU
		{B2A2615B-E23C-48B2-8B1C-2977C789520D}.Release|Any CPU.Build.0 = Release|Any CPU
		{AF67C67E-E7F9-436C-B114-B65E7D8BBDCF}.Debug|Any CPU.ActiveCfg = Debug|Any CPU
		{AF67C67E-E7F9-436C-B114-B65E7D8BBDCF}.Debug|Any CPU.Build.0 = Debug|Any CPU
		{AF67C67E-E7F9-436C-B114-B65E7D8BBDCF}.Release|Any CPU.ActiveCfg = Release|Any CPU
		{AF67C67E-E7F9-436C-B114-B65E7D8BBDCF}.Release|Any CPU.Build.0 = Release|Any CPU
		{9795CF21-F1CC-415A-8F84-DC92F7BEDE7B}.Debug|Any CPU.ActiveCfg = Debug|Any CPU
		{9795CF21-F1CC-415A-8F84-DC92F7BEDE7B}.Debug|Any CPU.Build.0 = Debug|Any CPU
		{9795CF21-F1CC-415A-8F84-DC92F7BEDE7B}.Release|Any CPU.ActiveCfg = Release|Any CPU
		{9795CF21-F1CC-415A-8F84-DC92F7BEDE7B}.Release|Any CPU.Build.0 = Release|Any CPU
		{45825D59-7471-4D3B-AFF2-B08A46CC311E}.Debug|Any CPU.ActiveCfg = Debug|Any CPU
		{45825D59-7471-4D3B-AFF2-B08A46CC311E}.Debug|Any CPU.Build.0 = Debug|Any CPU
		{45825D59-7471-4D3B-AFF2-B08A46CC311E}.Release|Any CPU.ActiveCfg = Release|Any CPU
		{45825D59-7471-4D3B-AFF2-B08A46CC311E}.Release|Any CPU.Build.0 = Release|Any CPU
		{61C54781-3857-45EF-B860-EA035009EC0D}.Debug|Any CPU.ActiveCfg = Debug|Any CPU
		{61C54781-3857-45EF-B860-EA035009EC0D}.Debug|Any CPU.Build.0 = Debug|Any CPU
		{61C54781-3857-45EF-B860-EA035009EC0D}.Release|Any CPU.ActiveCfg = Release|Any CPU
		{61C54781-3857-45EF-B860-EA035009EC0D}.Release|Any CPU.Build.0 = Release|Any CPU
		{3034C0BD-793D-402A-BC4D-E40F9B215091}.Debug|Any CPU.ActiveCfg = Debug|Any CPU
		{3034C0BD-793D-402A-BC4D-E40F9B215091}.Debug|Any CPU.Build.0 = Debug|Any CPU
		{3034C0BD-793D-402A-BC4D-E40F9B215091}.Release|Any CPU.ActiveCfg = Release|Any CPU
		{3034C0BD-793D-402A-BC4D-E40F9B215091}.Release|Any CPU.Build.0 = Release|Any CPU
		{A60B8AD2-1870-413F-96FC-112F5A7BE3A3}.Debug|Any CPU.ActiveCfg = Debug|Any CPU
		{A60B8AD2-1870-413F-96FC-112F5A7BE3A3}.Debug|Any CPU.Build.0 = Debug|Any CPU
		{A60B8AD2-1870-413F-96FC-112F5A7BE3A3}.Release|Any CPU.ActiveCfg = Release|Any CPU
		{A60B8AD2-1870-413F-96FC-112F5A7BE3A3}.Release|Any CPU.Build.0 = Release|Any CPU
		{D8EDF4E8-0854-4076-BC74-5450B32FFFAD}.Debug|Any CPU.ActiveCfg = Debug|Any CPU
		{D8EDF4E8-0854-4076-BC74-5450B32FFFAD}.Debug|Any CPU.Build.0 = Debug|Any CPU
		{D8EDF4E8-0854-4076-BC74-5450B32FFFAD}.Release|Any CPU.ActiveCfg = Release|Any CPU
		{D8EDF4E8-0854-4076-BC74-5450B32FFFAD}.Release|Any CPU.Build.0 = Release|Any CPU
		{9D2EE808-0EE0-4B82-B072-CEDD5E526BCF}.Debug|Any CPU.ActiveCfg = Debug|Any CPU
		{9D2EE808-0EE0-4B82-B072-CEDD5E526BCF}.Debug|Any CPU.Build.0 = Debug|Any CPU
		{9D2EE808-0EE0-4B82-B072-CEDD5E526BCF}.Release|Any CPU.ActiveCfg = Release|Any CPU
		{9D2EE808-0EE0-4B82-B072-CEDD5E526BCF}.Release|Any CPU.Build.0 = Release|Any CPU
		{5A04A6C6-4E37-47FC-BD11-805E9D7F8E6B}.Debug|Any CPU.ActiveCfg = Debug|Any CPU
		{5A04A6C6-4E37-47FC-BD11-805E9D7F8E6B}.Debug|Any CPU.Build.0 = Debug|Any CPU
		{5A04A6C6-4E37-47FC-BD11-805E9D7F8E6B}.Release|Any CPU.ActiveCfg = Release|Any CPU
		{5A04A6C6-4E37-47FC-BD11-805E9D7F8E6B}.Release|Any CPU.Build.0 = Release|Any CPU
	EndGlobalSection
	GlobalSection(SolutionProperties) = preSolution
		HideSolutionNode = FALSE
	EndGlobalSection
	GlobalSection(NestedProjects) = preSolution
		{A6E92156-A226-4372-8DD9-E0DF749DD8C7} = {13E4FCF8-B4C8-4019-ABE1-988C2A624C33}
		{B2A2615B-E23C-48B2-8B1C-2977C789520D} = {13E4FCF8-B4C8-4019-ABE1-988C2A624C33}
		{45825D59-7471-4D3B-AFF2-B08A46CC311E} = {13E4FCF8-B4C8-4019-ABE1-988C2A624C33}
		{3034C0BD-793D-402A-BC4D-E40F9B215091} = {F6004765-C995-47D7-8C6F-9C2E29BDEB08}
		{A60B8AD2-1870-413F-96FC-112F5A7BE3A3} = {F6004765-C995-47D7-8C6F-9C2E29BDEB08}
		{D8EDF4E8-0854-4076-BC74-5450B32FFFAD} = {F6004765-C995-47D7-8C6F-9C2E29BDEB08}
	EndGlobalSection
	GlobalSection(ExtensibilityGlobals) = postSolution
		SolutionGuid = {408BB1D2-8B81-4AD9-9F95-93EC37BE0C60}
	EndGlobalSection
EndGlobal
